{
  "lockfileVersion": 1,
  "workspaces": {
    "": {
      "name": "ens-api",
      "dependencies": {
        "@ensdomains/ensjs": "^4.0.2",
        "viem": "^2.33.2",
        "zod": "^4.0.14",
      },
      "devDependencies": {
        "@cloudflare/workers-types": "^4.20250801.0",
        "itty-router": "^5.0.20",
        "typescript": "^5.9.2",
        "wrangler": "^4.27.0",
      },
    },
  },
  "packages": {
    "@adraffy/ens-normalize": ["@adraffy/ens-normalize@1.10.1", "", {}, "sha512-96Z2IP3mYmF1Xg2cDm8f1gWGf/HUVedQ3FMifV4kG/PQ4yEP51xDtRAEfhVNt5f/uzpNkZHwWQuUcu6D6K+Ekw=="],

    "@cloudflare/kv-asset-handler": ["@cloudflare/kv-asset-handler@0.4.0", "", { "dependencies": { "mime": "^3.0.0" } }, "sha512-+tv3z+SPp+gqTIcImN9o0hqE9xyfQjI1XD9pL6NuKjua9B1y7mNYv0S9cP+QEbA4ppVgGZEmKOvHX5G5Ei1CVA=="],

    "@cloudflare/unenv-preset": ["@cloudflare/unenv-preset@2.5.0", "", { "peerDependencies": { "unenv": "2.0.0-rc.19", "workerd": "^1.20250722.0" }, "optionalPeers": ["workerd"] }, "sha512-CZe9B2VbjIQjBTyc+KoZcN1oUcm4T6GgCXoel9O7647djHuSRAa6sM6G+NdxWArATZgeMMbsvn9C50GCcnIatA=="],

    "@cloudflare/workerd-darwin-64": ["@cloudflare/workerd-darwin-64@1.20250730.0", "", { "os": "darwin", "cpu": "x64" }, "sha512-X3egNyTjLQaECYe34x8Al7r4oXAhcN3a8+8qcpNCcq1sgtuHIeAwS9potgRR/mwkGfmrJn7nfAyDKC4vrkniQQ=="],

    "@cloudflare/workerd-darwin-arm64": ["@cloudflare/workerd-darwin-arm64@1.20250730.0", "", { "os": "darwin", "cpu": "arm64" }, "sha512-/4bvcaGY/9v0rghgKboGiyPKKGQTbDnQ1EeY0oN0SSQH0Cp3OBzqwni/JRvh8TEaD+5azJnSFLlFZj9w7fo+hw=="],

    "@cloudflare/workerd-linux-64": ["@cloudflare/workerd-linux-64@1.20250730.0", "", { "os": "linux", "cpu": "x64" }, "sha512-I4ZsXYdNkqkJnzNFKADMufiLIzRdIRsN7dSH8UCPw2fYp1BbKA10AkKVqitFwBxIY8eOzQ6Vf7c41AjLQmtJqA=="],

    "@cloudflare/workerd-linux-arm64": ["@cloudflare/workerd-linux-arm64@1.20250730.0", "", { "os": "linux", "cpu": "arm64" }, "sha512-tTpO6139jFQ5vxgtBZgS8Y8R1jVidS4n7s37x5xO9bCWLZoL0kTj38UGZ8FENkTeaMxE9Mm//nbQol7TfJ2nZg=="],

    "@cloudflare/workerd-windows-64": ["@cloudflare/workerd-windows-64@1.20250730.0", "", { "os": "win32", "cpu": "x64" }, "sha512-paVHgocuilMzOU+gEyKR/86j/yI+QzmSHRnqdd8OdQ37Hf6SyPX7kQj6VVNRXbzVHWix1WxaJsXfTGK1LK05wA=="],

    "@cloudflare/workers-types": ["@cloudflare/workers-types@4.20250801.0", "", {}, "sha512-BQmMdoOGClY23TesgkR1PeGrPvPsSFD/zW7pDzWZHkOEsqkPk2A91h52bP8GbtKYTl1vdaYjQgJlGsP6Ih4G0w=="],

    "@cspotcode/source-map-support": ["@cspotcode/source-map-support@0.8.1", "", { "dependencies": { "@jridgewell/trace-mapping": "0.3.9" } }, "sha512-IchNf6dN4tHoMFIn/7OE8LWZ19Y6q/67Bmf6vnGREv8RSbBVb9LPJxEcnwrcwX6ixSvaiGoomAUvu4YSxXrVgw=="],

    "@emnapi/runtime": ["@emnapi/runtime@1.4.5", "", { "dependencies": { "tslib": "^2.4.0" } }, "sha512-++LApOtY0pEEz1zrd9vy1/zXVaVJJ/EbAF3u0fXIzPJEDtnITsBGbbK0EkM72amhl/R5b+5xx0Y/QhcVOpuulg=="],

    "@ensdomains/address-encoder": ["@ensdomains/address-encoder@1.1.1", "", { "dependencies": { "@noble/curves": "^1.2.0", "@noble/hashes": "^1.3.2", "@scure/base": "^1.1.5" } }, "sha512-yg7s+suCuKRhaGsgLu57W/jxIs/Lnqs/SU7jT7UwS4ATSnW94jbUCbmyyZ82CQwKsmwaUE8uYvvVb4N6lfz29A=="],

    "@ensdomains/content-hash": ["@ensdomains/content-hash@3.1.0-rc.1", "", { "dependencies": { "@ensdomains/address-encoder": "1.0.0-rc.3", "@noble/curves": "^1.2.0", "@scure/base": "^1.1.5" } }, "sha512-OzdkXgdFmduzcJKU4KRkkJkQHnm5p7m7FkX8k+bHOEoOIzc0ueGT/Jay4nnb60wNk1wSHRmzY+hHBMpFDiGReg=="],

    "@ensdomains/dnsprovejs": ["@ensdomains/dnsprovejs@0.5.1", "", { "dependencies": { "@noble/hashes": "^1.3.2", "dns-packet": "^5.6.1", "typescript-logging": "^1.0.1" } }, "sha512-nfm4ggpK5YBVwVwLZKF9WPjRGRTL9aUxX2O4pqv/AnQCz3WeGHsW7VhVFLj2s4EoWSzCXwR1E6nuqgUwnH692w=="],

    "@ensdomains/ensjs": ["@ensdomains/ensjs@4.0.2", "", { "dependencies": { "@adraffy/ens-normalize": "1.10.1", "@ensdomains/address-encoder": "1.1.1", "@ensdomains/content-hash": "3.1.0-rc.1", "@ensdomains/dnsprovejs": "^0.5.1", "abitype": "^1.0.0", "dns-packet": "^5.3.1", "graphql": "^16.3.0", "graphql-request": "6.1.0", "pako": "^2.1.0", "ts-pattern": "^5.4.0" }, "peerDependencies": { "viem": "^2.9.2" } }, "sha512-4vDIZEFAa1doNA3H9MppUHxflSDYYPVNyaDbdHLksTa4taq3y4dGpletX67Xea8nxI+cMfjEi4nOzLJmPzRE/g=="],

    "@esbuild/aix-ppc64": ["@esbuild/aix-ppc64@0.25.4", "", { "os": "aix", "cpu": "ppc64" }, "sha512-1VCICWypeQKhVbE9oW/sJaAmjLxhVqacdkvPLEjwlttjfwENRSClS8EjBz0KzRyFSCPDIkuXW34Je/vk7zdB7Q=="],

    "@esbuild/android-arm": ["@esbuild/android-arm@0.25.4", "", { "os": "android", "cpu": "arm" }, "sha512-QNdQEps7DfFwE3hXiU4BZeOV68HHzYwGd0Nthhd3uCkkEKK7/R6MTgM0P7H7FAs5pU/DIWsviMmEGxEoxIZ+ZQ=="],

    "@esbuild/android-arm64": ["@esbuild/android-arm64@0.25.4", "", { "os": "android", "cpu": "arm64" }, "sha512-bBy69pgfhMGtCnwpC/x5QhfxAz/cBgQ9enbtwjf6V9lnPI/hMyT9iWpR1arm0l3kttTr4L0KSLpKmLp/ilKS9A=="],

    "@esbuild/android-x64": ["@esbuild/android-x64@0.25.4", "", { "os": "android", "cpu": "x64" }, "sha512-TVhdVtQIFuVpIIR282btcGC2oGQoSfZfmBdTip2anCaVYcqWlZXGcdcKIUklfX2wj0JklNYgz39OBqh2cqXvcQ=="],

    "@esbuild/darwin-arm64": ["@esbuild/darwin-arm64@0.25.4", "", { "os": "darwin", "cpu": "arm64" }, "sha512-Y1giCfM4nlHDWEfSckMzeWNdQS31BQGs9/rouw6Ub91tkK79aIMTH3q9xHvzH8d0wDru5Ci0kWB8b3up/nl16g=="],

    "@esbuild/darwin-x64": ["@esbuild/darwin-x64@0.25.4", "", { "os": "darwin", "cpu": "x64" }, "sha512-CJsry8ZGM5VFVeyUYB3cdKpd/H69PYez4eJh1W/t38vzutdjEjtP7hB6eLKBoOdxcAlCtEYHzQ/PJ/oU9I4u0A=="],

    "@esbuild/freebsd-arm64": ["@esbuild/freebsd-arm64@0.25.4", "", { "os": "freebsd", "cpu": "arm64" }, "sha512-yYq+39NlTRzU2XmoPW4l5Ifpl9fqSk0nAJYM/V/WUGPEFfek1epLHJIkTQM6bBs1swApjO5nWgvr843g6TjxuQ=="],

    "@esbuild/freebsd-x64": ["@esbuild/freebsd-x64@0.25.4", "", { "os": "freebsd", "cpu": "x64" }, "sha512-0FgvOJ6UUMflsHSPLzdfDnnBBVoCDtBTVyn/MrWloUNvq/5SFmh13l3dvgRPkDihRxb77Y17MbqbCAa2strMQQ=="],

    "@esbuild/linux-arm": ["@esbuild/linux-arm@0.25.4", "", { "os": "linux", "cpu": "arm" }, "sha512-kro4c0P85GMfFYqW4TWOpvmF8rFShbWGnrLqlzp4X1TNWjRY3JMYUfDCtOxPKOIY8B0WC8HN51hGP4I4hz4AaQ=="],

    "@esbuild/linux-arm64": ["@esbuild/linux-arm64@0.25.4", "", { "os": "linux", "cpu": "arm64" }, "sha512-+89UsQTfXdmjIvZS6nUnOOLoXnkUTB9hR5QAeLrQdzOSWZvNSAXAtcRDHWtqAUtAmv7ZM1WPOOeSxDzzzMogiQ=="],

    "@esbuild/linux-ia32": ["@esbuild/linux-ia32@0.25.4", "", { "os": "linux", "cpu": "ia32" }, "sha512-yTEjoapy8UP3rv8dB0ip3AfMpRbyhSN3+hY8mo/i4QXFeDxmiYbEKp3ZRjBKcOP862Ua4b1PDfwlvbuwY7hIGQ=="],

    "@esbuild/linux-loong64": ["@esbuild/linux-loong64@0.25.4", "", { "os": "linux", "cpu": "none" }, "sha512-NeqqYkrcGzFwi6CGRGNMOjWGGSYOpqwCjS9fvaUlX5s3zwOtn1qwg1s2iE2svBe4Q/YOG1q6875lcAoQK/F4VA=="],

    "@esbuild/linux-mips64el": ["@esbuild/linux-mips64el@0.25.4", "", { "os": "linux", "cpu": "none" }, "sha512-IcvTlF9dtLrfL/M8WgNI/qJYBENP3ekgsHbYUIzEzq5XJzzVEV/fXY9WFPfEEXmu3ck2qJP8LG/p3Q8f7Zc2Xg=="],

    "@esbuild/linux-ppc64": ["@esbuild/linux-ppc64@0.25.4", "", { "os": "linux", "cpu": "ppc64" }, "sha512-HOy0aLTJTVtoTeGZh4HSXaO6M95qu4k5lJcH4gxv56iaycfz1S8GO/5Jh6X4Y1YiI0h7cRyLi+HixMR+88swag=="],

    "@esbuild/linux-riscv64": ["@esbuild/linux-riscv64@0.25.4", "", { "os": "linux", "cpu": "none" }, "sha512-i8JUDAufpz9jOzo4yIShCTcXzS07vEgWzyX3NH2G7LEFVgrLEhjwL3ajFE4fZI3I4ZgiM7JH3GQ7ReObROvSUA=="],

    "@esbuild/linux-s390x": ["@esbuild/linux-s390x@0.25.4", "", { "os": "linux", "cpu": "s390x" }, "sha512-jFnu+6UbLlzIjPQpWCNh5QtrcNfMLjgIavnwPQAfoGx4q17ocOU9MsQ2QVvFxwQoWpZT8DvTLooTvmOQXkO51g=="],

    "@esbuild/linux-x64": ["@esbuild/linux-x64@0.25.4", "", { "os": "linux", "cpu": "x64" }, "sha512-6e0cvXwzOnVWJHq+mskP8DNSrKBr1bULBvnFLpc1KY+d+irZSgZ02TGse5FsafKS5jg2e4pbvK6TPXaF/A6+CA=="],

    "@esbuild/netbsd-arm64": ["@esbuild/netbsd-arm64@0.25.4", "", { "os": "none", "cpu": "arm64" }, "sha512-vUnkBYxZW4hL/ie91hSqaSNjulOnYXE1VSLusnvHg2u3jewJBz3YzB9+oCw8DABeVqZGg94t9tyZFoHma8gWZQ=="],

    "@esbuild/netbsd-x64": ["@esbuild/netbsd-x64@0.25.4", "", { "os": "none", "cpu": "x64" }, "sha512-XAg8pIQn5CzhOB8odIcAm42QsOfa98SBeKUdo4xa8OvX8LbMZqEtgeWE9P/Wxt7MlG2QqvjGths+nq48TrUiKw=="],

    "@esbuild/openbsd-arm64": ["@esbuild/openbsd-arm64@0.25.4", "", { "os": "openbsd", "cpu": "arm64" }, "sha512-Ct2WcFEANlFDtp1nVAXSNBPDxyU+j7+tId//iHXU2f/lN5AmO4zLyhDcpR5Cz1r08mVxzt3Jpyt4PmXQ1O6+7A=="],

    "@esbuild/openbsd-x64": ["@esbuild/openbsd-x64@0.25.4", "", { "os": "openbsd", "cpu": "x64" }, "sha512-xAGGhyOQ9Otm1Xu8NT1ifGLnA6M3sJxZ6ixylb+vIUVzvvd6GOALpwQrYrtlPouMqd/vSbgehz6HaVk4+7Afhw=="],

    "@esbuild/sunos-x64": ["@esbuild/sunos-x64@0.25.4", "", { "os": "sunos", "cpu": "x64" }, "sha512-Mw+tzy4pp6wZEK0+Lwr76pWLjrtjmJyUB23tHKqEDP74R3q95luY/bXqXZeYl4NYlvwOqoRKlInQialgCKy67Q=="],

    "@esbuild/win32-arm64": ["@esbuild/win32-arm64@0.25.4", "", { "os": "win32", "cpu": "arm64" }, "sha512-AVUP428VQTSddguz9dO9ngb+E5aScyg7nOeJDrF1HPYu555gmza3bDGMPhmVXL8svDSoqPCsCPjb265yG/kLKQ=="],

    "@esbuild/win32-ia32": ["@esbuild/win32-ia32@0.25.4", "", { "os": "win32", "cpu": "ia32" }, "sha512-i1sW+1i+oWvQzSgfRcxxG2k4I9n3O9NRqy8U+uugaT2Dy7kLO9Y7wI72haOahxceMX8hZAzgGou1FhndRldxRg=="],

    "@esbuild/win32-x64": ["@esbuild/win32-x64@0.25.4", "", { "os": "win32", "cpu": "x64" }, "sha512-nOT2vZNw6hJ+z43oP1SPea/G/6AbN6X+bGNhNuq8NtRHy4wsMhw765IKLNmnjek7GvjWBYQ8Q5VBoYTFg9y1UQ=="],

    "@graphql-typed-document-node/core": ["@graphql-typed-document-node/core@3.2.0", "", { "peerDependencies": { "graphql": "^0.8.0 || ^0.9.0 || ^0.10.0 || ^0.11.0 || ^0.12.0 || ^0.13.0 || ^14.0.0 || ^15.0.0 || ^16.0.0 || ^17.0.0" } }, "sha512-mB9oAsNCm9aM3/SOv4YtBMqZbYj10R7dkq8byBqxGY/ncFwhf2oQzMV+LCRlWoDSEBJ3COiR1yeDvMtsoOsuFQ=="],

    "@img/sharp-darwin-arm64": ["@img/sharp-darwin-arm64@0.33.5", "", { "optionalDependencies": { "@img/sharp-libvips-darwin-arm64": "1.0.4" }, "os": "darwin", "cpu": "arm64" }, "sha512-UT4p+iz/2H4twwAoLCqfA9UH5pI6DggwKEGuaPy7nCVQ8ZsiY5PIcrRvD1DzuY3qYL07NtIQcWnBSY/heikIFQ=="],

    "@img/sharp-darwin-x64": ["@img/sharp-darwin-x64@0.33.5", "", { "optionalDependencies": { "@img/sharp-libvips-darwin-x64": "1.0.4" }, "os": "darwin", "cpu": "x64" }, "sha512-fyHac4jIc1ANYGRDxtiqelIbdWkIuQaI84Mv45KvGRRxSAa7o7d1ZKAOBaYbnepLC1WqxfpimdeWfvqqSGwR2Q=="],

    "@img/sharp-libvips-darwin-arm64": ["@img/sharp-libvips-darwin-arm64@1.0.4", "", { "os": "darwin", "cpu": "arm64" }, "sha512-XblONe153h0O2zuFfTAbQYAX2JhYmDHeWikp1LM9Hul9gVPjFY427k6dFEcOL72O01QxQsWi761svJ/ev9xEDg=="],

    "@img/sharp-libvips-darwin-x64": ["@img/sharp-libvips-darwin-x64@1.0.4", "", { "os": "darwin", "cpu": "x64" }, "sha512-xnGR8YuZYfJGmWPvmlunFaWJsb9T/AO2ykoP3Fz/0X5XV2aoYBPkX6xqCQvUTKKiLddarLaxpzNe+b1hjeWHAQ=="],

    "@img/sharp-libvips-linux-arm": ["@img/sharp-libvips-linux-arm@1.0.5", "", { "os": "linux", "cpu": "arm" }, "sha512-gvcC4ACAOPRNATg/ov8/MnbxFDJqf/pDePbBnuBDcjsI8PssmjoKMAz4LtLaVi+OnSb5FK/yIOamqDwGmXW32g=="],

    "@img/sharp-libvips-linux-arm64": ["@img/sharp-libvips-linux-arm64@1.0.4", "", { "os": "linux", "cpu": "arm64" }, "sha512-9B+taZ8DlyyqzZQnoeIvDVR/2F4EbMepXMc/NdVbkzsJbzkUjhXv/70GQJ7tdLA4YJgNP25zukcxpX2/SueNrA=="],

    "@img/sharp-libvips-linux-s390x": ["@img/sharp-libvips-linux-s390x@1.0.4", "", { "os": "linux", "cpu": "s390x" }, "sha512-u7Wz6ntiSSgGSGcjZ55im6uvTrOxSIS8/dgoVMoiGE9I6JAfU50yH5BoDlYA1tcuGS7g/QNtetJnxA6QEsCVTA=="],

    "@img/sharp-libvips-linux-x64": ["@img/sharp-libvips-linux-x64@1.0.4", "", { "os": "linux", "cpu": "x64" }, "sha512-MmWmQ3iPFZr0Iev+BAgVMb3ZyC4KeFc3jFxnNbEPas60e1cIfevbtuyf9nDGIzOaW9PdnDciJm+wFFaTlj5xYw=="],

    "@img/sharp-libvips-linuxmusl-arm64": ["@img/sharp-libvips-linuxmusl-arm64@1.0.4", "", { "os": "linux", "cpu": "arm64" }, "sha512-9Ti+BbTYDcsbp4wfYib8Ctm1ilkugkA/uscUn6UXK1ldpC1JjiXbLfFZtRlBhjPZ5o1NCLiDbg8fhUPKStHoTA=="],

    "@img/sharp-libvips-linuxmusl-x64": ["@img/sharp-libvips-linuxmusl-x64@1.0.4", "", { "os": "linux", "cpu": "x64" }, "sha512-viYN1KX9m+/hGkJtvYYp+CCLgnJXwiQB39damAO7WMdKWlIhmYTfHjwSbQeUK/20vY154mwezd9HflVFM1wVSw=="],

    "@img/sharp-linux-arm": ["@img/sharp-linux-arm@0.33.5", "", { "optionalDependencies": { "@img/sharp-libvips-linux-arm": "1.0.5" }, "os": "linux", "cpu": "arm" }, "sha512-JTS1eldqZbJxjvKaAkxhZmBqPRGmxgu+qFKSInv8moZ2AmT5Yib3EQ1c6gp493HvrvV8QgdOXdyaIBrhvFhBMQ=="],

    "@img/sharp-linux-arm64": ["@img/sharp-linux-arm64@0.33.5", "", { "optionalDependencies": { "@img/sharp-libvips-linux-arm64": "1.0.4" }, "os": "linux", "cpu": "arm64" }, "sha512-JMVv+AMRyGOHtO1RFBiJy/MBsgz0x4AWrT6QoEVVTyh1E39TrCUpTRI7mx9VksGX4awWASxqCYLCV4wBZHAYxA=="],

    "@img/sharp-linux-s390x": ["@img/sharp-linux-s390x@0.33.5", "", { "optionalDependencies": { "@img/sharp-libvips-linux-s390x": "1.0.4" }, "os": "linux", "cpu": "s390x" }, "sha512-y/5PCd+mP4CA/sPDKl2961b+C9d+vPAveS33s6Z3zfASk2j5upL6fXVPZi7ztePZ5CuH+1kW8JtvxgbuXHRa4Q=="],

    "@img/sharp-linux-x64": ["@img/sharp-linux-x64@0.33.5", "", { "optionalDependencies": { "@img/sharp-libvips-linux-x64": "1.0.4" }, "os": "linux", "cpu": "x64" }, "sha512-opC+Ok5pRNAzuvq1AG0ar+1owsu842/Ab+4qvU879ippJBHvyY5n2mxF1izXqkPYlGuP/M556uh53jRLJmzTWA=="],

    "@img/sharp-linuxmusl-arm64": ["@img/sharp-linuxmusl-arm64@0.33.5", "", { "optionalDependencies": { "@img/sharp-libvips-linuxmusl-arm64": "1.0.4" }, "os": "linux", "cpu": "arm64" }, "sha512-XrHMZwGQGvJg2V/oRSUfSAfjfPxO+4DkiRh6p2AFjLQztWUuY/o8Mq0eMQVIY7HJ1CDQUJlxGGZRw1a5bqmd1g=="],

    "@img/sharp-linuxmusl-x64": ["@img/sharp-linuxmusl-x64@0.33.5", "", { "optionalDependencies": { "@img/sharp-libvips-linuxmusl-x64": "1.0.4" }, "os": "linux", "cpu": "x64" }, "sha512-WT+d/cgqKkkKySYmqoZ8y3pxx7lx9vVejxW/W4DOFMYVSkErR+w7mf2u8m/y4+xHe7yY9DAXQMWQhpnMuFfScw=="],

    "@img/sharp-wasm32": ["@img/sharp-wasm32@0.33.5", "", { "dependencies": { "@emnapi/runtime": "^1.2.0" }, "cpu": "none" }, "sha512-ykUW4LVGaMcU9lu9thv85CbRMAwfeadCJHRsg2GmeRa/cJxsVY9Rbd57JcMxBkKHag5U/x7TSBpScF4U8ElVzg=="],

    "@img/sharp-win32-ia32": ["@img/sharp-win32-ia32@0.33.5", "", { "os": "win32", "cpu": "ia32" }, "sha512-T36PblLaTwuVJ/zw/LaH0PdZkRz5rd3SmMHX8GSmR7vtNSP5Z6bQkExdSK7xGWyxLw4sUknBuugTelgw2faBbQ=="],

    "@img/sharp-win32-x64": ["@img/sharp-win32-x64@0.33.5", "", { "os": "win32", "cpu": "x64" }, "sha512-MpY/o8/8kj+EcnxwvrP4aTJSWw/aZ7JIGR4aBeZkZw5B7/Jn+tY9/VNwtcoGmdT7GfggGIU4kygOMSbYnOrAbg=="],

    "@jridgewell/resolve-uri": ["@jridgewell/resolve-uri@3.1.2", "", {}, "sha512-bRISgCIjP20/tbWSPWMEi54QVPRZExkuD9lJL+UIxUKtwVJA8wW1Trb1jMs1RFXo1CBTNZ/5hpC9QvmKWdopKw=="],

    "@jridgewell/sourcemap-codec": ["@jridgewell/sourcemap-codec@1.5.4", "", {}, "sha512-VT2+G1VQs/9oz078bLrYbecdZKs912zQlkelYpuf+SXF+QvZDYJlbx/LSx+meSAwdDFnF8FVXW92AVjjkVmgFw=="],

    "@jridgewell/trace-mapping": ["@jridgewell/trace-mapping@0.3.9", "", { "dependencies": { "@jridgewell/resolve-uri": "^3.0.3", "@jridgewell/sourcemap-codec": "^1.4.10" } }, "sha512-3Belt6tdc8bPgAtbcmdtNJlirVoTmEb5e2gC94PnkwEW9jI6CAHUeoG85tjWP5WquqfavoMtMwiG4P926ZKKuQ=="],

    "@leichtgewicht/ip-codec": ["@leichtgewicht/ip-codec@2.0.5", "", {}, "sha512-Vo+PSpZG2/fmgmiNzYK9qWRh8h/CHrwD0mo1h1DzL4yzHNSfWYujGTYsWGreD000gcgmZ7K4Ys6Tx9TxtsKdDw=="],

    "@noble/ciphers": ["@noble/ciphers@1.3.0", "", {}, "sha512-2I0gnIVPtfnMw9ee9h1dJG7tp81+8Ob3OJb3Mv37rx5L40/b0i7djjCVvGOVqc9AEIQyvyu1i6ypKdFw8R8gQw=="],

    "@noble/curves": ["@noble/curves@1.9.2", "", { "dependencies": { "@noble/hashes": "1.8.0" } }, "sha512-HxngEd2XUcg9xi20JkwlLCtYwfoFw4JGkuZpT+WlsPD4gB/cxkvTD8fSsoAnphGZhFdZYKeQIPCuFlWPm1uE0g=="],

    "@noble/hashes": ["@noble/hashes@1.8.0", "", {}, "sha512-jCs9ldd7NwzpgXDIf6P3+NrHh9/sD6CQdxHyjQI+h/6rDNo88ypBxxz45UDuZHz9r3tNz7N/VInSVoVdtXEI4A=="],

    "@poppinss/colors": ["@poppinss/colors@4.1.5", "", { "dependencies": { "kleur": "^4.1.5" } }, "sha512-FvdDqtcRCtz6hThExcFOgW0cWX+xwSMWcRuQe5ZEb2m7cVQOAVZOIMt+/v9RxGiD9/OY16qJBXK4CVKWAPalBw=="],

    "@poppinss/dumper": ["@poppinss/dumper@0.6.4", "", { "dependencies": { "@poppinss/colors": "^4.1.5", "@sindresorhus/is": "^7.0.2", "supports-color": "^10.0.0" } }, "sha512-iG0TIdqv8xJ3Lt9O8DrPRxw1MRLjNpoqiSGU03P/wNLP/s0ra0udPJ1J2Tx5M0J3H/cVyEgpbn8xUKRY9j59kQ=="],

    "@poppinss/exception": ["@poppinss/exception@1.2.2", "", {}, "sha512-m7bpKCD4QMlFCjA/nKTs23fuvoVFoA83brRKmObCUNmi/9tVu8Ve3w4YQAnJu4q3Tjf5fr685HYIC/IA2zHRSg=="],

    "@scure/base": ["@scure/base@1.2.6", "", {}, "sha512-g/nm5FgUa//MCj1gV09zTJTaM6KBAHqLN907YVQqf7zC49+DcO4B1so4ZX07Ef10Twr6nuqYEH9GEggFXA4Fmg=="],

    "@scure/bip32": ["@scure/bip32@1.7.0", "", { "dependencies": { "@noble/curves": "~1.9.0", "@noble/hashes": "~1.8.0", "@scure/base": "~1.2.5" } }, "sha512-E4FFX/N3f4B80AKWp5dP6ow+flD1LQZo/w8UnLGYZO674jS6YnYeepycOOksv+vLPSpgN35wgKgy+ybfTb2SMw=="],

    "@scure/bip39": ["@scure/bip39@1.6.0", "", { "dependencies": { "@noble/hashes": "~1.8.0", "@scure/base": "~1.2.5" } }, "sha512-+lF0BbLiJNwVlev4eKelw1WWLaiKXw7sSl8T6FvBlWkdX+94aGJ4o8XjUdlyhTCjd8c+B3KT3JfS8P0bLRNU6A=="],

    "@sindresorhus/is": ["@sindresorhus/is@7.0.2", "", {}, "sha512-d9xRovfKNz1SKieM0qJdO+PQonjnnIfSNWfHYnBSJ9hkjm0ZPw6HlxscDXYstp3z+7V2GOFHc+J0CYrYTjqCJw=="],

    "@speed-highlight/core": ["@speed-highlight/core@1.2.7", "", {}, "sha512-0dxmVj4gxg3Jg879kvFS/msl4s9F3T9UXC1InxgOf7t5NvcPD97u/WTA5vL/IxWHMn7qSxBozqrnnE2wvl1m8g=="],

    "abitype": ["abitype@1.0.8", "", { "peerDependencies": { "typescript": ">=5.0.4", "zod": "^3 >=3.22.0" }, "optionalPeers": ["typescript", "zod"] }, "sha512-ZeiI6h3GnW06uYDLx0etQtX/p8E24UaHHBj57RSjK7YBFe7iuVn07EDpOeP451D06sF27VOz9JJPlIKJmXgkEg=="],

    "acorn": ["acorn@8.14.0", "", { "bin": { "acorn": "bin/acorn" } }, "sha512-cl669nCJTZBsL97OF4kUQm5g5hC2uihk0NxY3WENAC0TYdILVkAyHymAntgxGkl7K+t0cXIrH5siy5S4XkFycA=="],

    "acorn-walk": ["acorn-walk@8.3.2", "", {}, "sha512-cjkyv4OtNCIeqhHrfS81QWXoCBPExR/J62oyEqepVw8WaQeSqpW2uhuLPh1m9eWhDuOo/jUXVTlifvesOWp/4A=="],

    "blake3-wasm": ["blake3-wasm@2.1.5", "", {}, "sha512-F1+K8EbfOZE49dtoPtmxUQrpXaBIl3ICvasLh+nJta0xkz+9kF/7uet9fLnwKqhDrmj6g+6K3Tw9yQPUg2ka5g=="],

    "color": ["color@4.2.3", "", { "dependencies": { "color-convert": "^2.0.1", "color-string": "^1.9.0" } }, "sha512-1rXeuUUiGGrykh+CeBdu5Ie7OJwinCgQY0bc7GCRxy5xVHy+moaqkpL/jqQq0MtQOeYcrqEz4abc5f0KtU7W4A=="],

    "color-convert": ["color-convert@2.0.1", "", { "dependencies": { "color-name": "~1.1.4" } }, "sha512-RRECPsj7iu/xb5oKYcsFHSppFNnsj/52OVTRKb4zP5onXwVF3zVmmToNcOfGC+CRDpfK/U584fMg38ZHCaElKQ=="],

    "color-name": ["color-name@1.1.4", "", {}, "sha512-dOy+3AuW3a2wNbZHIuMZpTcgjGuLU/uBL/ubcZF9OXbDo8ff4O8yVp5Bf0efS8uEoYo5q4Fx7dY9OgQGXgAsQA=="],

    "color-string": ["color-string@1.9.1", "", { "dependencies": { "color-name": "^1.0.0", "simple-swizzle": "^0.2.2" } }, "sha512-shrVawQFojnZv6xM40anx4CkoDP+fZsw/ZerEMsW/pyzsRbElpsL/DBVW7q3ExxwusdNXI3lXpuhEZkzs8p5Eg=="],

    "cookie": ["cookie@1.0.2", "", {}, "sha512-9Kr/j4O16ISv8zBBhJoi4bXOYNTkFLOqSL3UDB0njXxCXNezjeyVrJyGOWtgfs/q2km1gwBcfH8q1yEGoMYunA=="],

    "cross-fetch": ["cross-fetch@3.2.0", "", { "dependencies": { "node-fetch": "^2.7.0" } }, "sha512-Q+xVJLoGOeIMXZmbUK4HYk+69cQH6LudR0Vu/pRm2YlU/hDV9CiS0gKUMaWY5f2NeUH9C1nV3bsTlCo0FsTV1Q=="],

    "defu": ["defu@6.1.4", "", {}, "sha512-mEQCMmwJu317oSz8CwdIOdwf3xMif1ttiM8LTufzc3g6kR+9Pe236twL8j3IYT1F7GfRgGcW6MWxzZjLIkuHIg=="],

    "detect-libc": ["detect-libc@2.0.4", "", {}, "sha512-3UDv+G9CsCKO1WKMGw9fwq/SWJYbI0c5Y7LU1AXYoDdbhE2AHQ6N6Nb34sG8Fj7T5APy8qXDCKuuIHd1BR0tVA=="],

    "dns-packet": ["dns-packet@5.6.1", "", { "dependencies": { "@leichtgewicht/ip-codec": "^2.0.1" } }, "sha512-l4gcSouhcgIKRvyy99RNVOgxXiicE+2jZoNmaNmZ6JXiGajBOJAesk1OBlJuM5k2c+eudGdLxDqXuPCKIj6kpw=="],

    "error-stack-parser": ["error-stack-parser@1.3.6", "", { "dependencies": { "stackframe": "^0.3.1" } }, "sha512-xhuSYd8wLgOXwNgjcPeXMPL/IiiA1Huck+OPvClpJViVNNlJVtM41o+1emp7bPvlCJwCatFX2DWc05/DgfbWzA=="],

    "error-stack-parser-es": ["error-stack-parser-es@1.0.5", "", {}, "sha512-5qucVt2XcuGMcEGgWI7i+yZpmpByQ8J1lHhcL7PwqCwu9FPP3VUXzT4ltHe5i2z9dePwEHcDVOAfSnHsOlCXRA=="],

    "esbuild": ["esbuild@0.25.4", "", { "optionalDependencies": { "@esbuild/aix-ppc64": "0.25.4", "@esbuild/android-arm": "0.25.4", "@esbuild/android-arm64": "0.25.4", "@esbuild/android-x64": "0.25.4", "@esbuild/darwin-arm64": "0.25.4", "@esbuild/darwin-x64": "0.25.4", "@esbuild/freebsd-arm64": "0.25.4", "@esbuild/freebsd-x64": "0.25.4", "@esbuild/linux-arm": "0.25.4", "@esbuild/linux-arm64": "0.25.4", "@esbuild/linux-ia32": "0.25.4", "@esbuild/linux-loong64": "0.25.4", "@esbuild/linux-mips64el": "0.25.4", "@esbuild/linux-ppc64": "0.25.4", "@esbuild/linux-riscv64": "0.25.4", "@esbuild/linux-s390x": "0.25.4", "@esbuild/linux-x64": "0.25.4", "@esbuild/netbsd-arm64": "0.25.4", "@esbuild/netbsd-x64": "0.25.4", "@esbuild/openbsd-arm64": "0.25.4", "@esbuild/openbsd-x64": "0.25.4", "@esbuild/sunos-x64": "0.25.4", "@esbuild/win32-arm64": "0.25.4", "@esbuild/win32-ia32": "0.25.4", "@esbuild/win32-x64": "0.25.4" }, "bin": { "esbuild": "bin/esbuild" } }, "sha512-8pgjLUcUjcgDg+2Q4NYXnPbo/vncAY4UmyaCm0jZevERqCHZIaWwdJHkf8XQtu4AxSKCdvrUbT0XUr1IdZzI8Q=="],

    "eventemitter3": ["eventemitter3@5.0.1", "", {}, "sha512-GWkBvjiSZK87ELrYOSESUYeVIc9mvLLf/nXalMOS5dYrgZq9o5OVkbZAVM06CVxYsCwH9BDZFPlQTlPA1j4ahA=="],

    "exit-hook": ["exit-hook@2.2.1", "", {}, "sha512-eNTPlAD67BmP31LDINZ3U7HSF8l57TxOY2PmBJ1shpCvpnxBF93mWCE8YHBnXs8qiUZJc9WDcWIeC3a2HIAMfw=="],

    "exsolve": ["exsolve@1.0.7", "", {}, "sha512-VO5fQUzZtI6C+vx4w/4BWJpg3s/5l+6pRQEHzFRM8WFi4XffSP1Z+4qi7GbjWbvRQEbdIco5mIMq+zX4rPuLrw=="],

    "fsevents": ["fsevents@2.3.3", "", { "os": "darwin" }, "sha512-5xoDfX+fL7faATnagmWPpbFtwh/R77WmMMqqHGS65C3vvB0YHrgF+B1YmZ3441tMj5n63k0212XNoJwzlhffQw=="],

    "glob-to-regexp": ["glob-to-regexp@0.4.1", "", {}, "sha512-lkX1HJXwyMcprw/5YUZc2s7DrpAiHB21/V+E1rHUrVNokkvB6bqMzT0VfV6/86ZNabt1k14YOIaT7nDvOX3Iiw=="],

    "graphql": ["graphql@16.11.0", "", {}, "sha512-mS1lbMsxgQj6hge1XZ6p7GPhbrtFwUFYi3wRzXAC/FmYnyXMTvvI3td3rjmQ2u8ewXueaSvRPWaEcgVVOT9Jnw=="],

    "graphql-request": ["graphql-request@6.1.0", "", { "dependencies": { "@graphql-typed-document-node/core": "^3.2.0", "cross-fetch": "^3.1.5" }, "peerDependencies": { "graphql": "14 - 16" } }, "sha512-p+XPfS4q7aIpKVcgmnZKhMNqhltk20hfXtkaIkTfjjmiKMJ5xrt5c743cL03y/K7y1rg3WrIC49xGiEQ4mxdNw=="],

    "is-arrayish": ["is-arrayish@0.3.2", "", {}, "sha512-eVRqCvVlZbuw3GrM63ovNSNAeA1K16kaR/LRY/92w0zxQ5/1YzwblUX652i4Xs9RwAGjW9d9y6X88t8OaAJfWQ=="],

    "isows": ["isows@1.0.7", "", { "peerDependencies": { "ws": "*" } }, "sha512-I1fSfDCZL5P0v33sVqeTDSpcstAg/N+wF5HS033mogOVIp4B+oHC7oOCsA3axAbBSGTJ8QubbNmnIRN/h8U7hg=="],

    "itty-router": ["itty-router@5.0.20", "", {}, "sha512-D27Q+6D3q4Fho3ixmbE+qbu+7N/OqO7ty8Eh62PkyEhg4oBRPV3+HBU3GBXneuc430sRql9Az6qTdCiJKFbHtw=="],

    "kleur": ["kleur@4.1.5", "", {}, "sha512-o+NO+8WrRiQEE4/7nwRJhN1HWpVmJm511pBHUxPLtp0BUISzlBplORYSmTclCnJvQq2tKu/sgl3xVpkc7ZWuQQ=="],

    "mime": ["mime@3.0.0", "", { "bin": { "mime": "cli.js" } }, "sha512-jSCU7/VB1loIWBZe14aEYHU/+1UMEHoaO7qxCOVJOw9GgH72VAWppxNcjU+x9a2k3GSIBXNKxXQFqRvvZ7vr3A=="],

    "miniflare": ["miniflare@4.20250730.0", "", { "dependencies": { "@cspotcode/source-map-support": "0.8.1", "acorn": "8.14.0", "acorn-walk": "8.3.2", "exit-hook": "2.2.1", "glob-to-regexp": "0.4.1", "sharp": "^0.33.5", "stoppable": "1.1.0", "undici": "^7.10.0", "workerd": "1.20250730.0", "ws": "8.18.0", "youch": "4.1.0-beta.10", "zod": "3.22.3" }, "bin": { "miniflare": "bootstrap.js" } }, "sha512-avGXBStHQSqcJr8ra1mJ3/OQvnLZ49B1uAILQapAha1DHNZZvXWLIgUVre/WGY6ZOlNGFPh5CJ+dXLm4yuV3Jw=="],

    "node-fetch": ["node-fetch@2.7.0", "", { "dependencies": { "whatwg-url": "^5.0.0" }, "peerDependencies": { "encoding": "^0.1.0" }, "optionalPeers": ["encoding"] }, "sha512-c4FRfUm/dbcWZ7U+1Wq0AwCyFL+3nt2bEw05wfxSz+DWpWsitgmSgYmy2dQdWyKC1694ELPqMs/YzUSNozLt8A=="],

    "ohash": ["ohash@2.0.11", "", {}, "sha512-RdR9FQrFwNBNXAr4GixM8YaRZRJ5PUWbKYbE5eOsrwAjJW0q2REGcf79oYPsLyskQCZG1PLN+S/K1V00joZAoQ=="],

    "ox": ["ox@0.8.6", "", { "dependencies": { "@adraffy/ens-normalize": "^1.11.0", "@noble/ciphers": "^1.3.0", "@noble/curves": "^1.9.1", "@noble/hashes": "^1.8.0", "@scure/bip32": "^1.7.0", "@scure/bip39": "^1.6.0", "abitype": "^1.0.8", "eventemitter3": "5.0.1" }, "peerDependencies": { "typescript": ">=5.4.0" }, "optionalPeers": ["typescript"] }, "sha512-eiKcgiVVEGDtEpEdFi1EGoVVI48j6icXHce9nFwCNM7CKG3uoCXKdr4TPhS00Iy1TR2aWSF1ltPD0x/YgqIL9w=="],

    "pako": ["pako@2.1.0", "", {}, "sha512-w+eufiZ1WuJYgPXbV/PO3NCMEc3xqylkKHzp8bxp1uW4qaSNQUkwmLLEc3kKsfz8lpV1F8Ht3U1Cm+9Srog2ug=="],

    "path-to-regexp": ["path-to-regexp@6.3.0", "", {}, "sha512-Yhpw4T9C6hPpgPeA28us07OJeqZ5EzQTkbfwuhsUg0c237RomFoETJgmp2sa3F/41gfLE6G5cqcYwznmeEeOlQ=="],

    "pathe": ["pathe@2.0.3", "", {}, "sha512-WUjGcAqP1gQacoQe+OBJsFA7Ld4DyXuUIjZ5cc75cLHvJ7dtNsTugphxIADwspS+AraAUePCKrSVtPLFj/F88w=="],

    "semver": ["semver@7.7.2", "", { "bin": { "semver": "bin/semver.js" } }, "sha512-RF0Fw+rO5AMf9MAyaRXI4AV0Ulj5lMHqVxxdSgiVbixSCXoEmmX/jk0CuJw4+3SqroYO9VoUh+HcuJivvtJemA=="],

    "sharp": ["sharp@0.33.5", "", { "dependencies": { "color": "^4.2.3", "detect-libc": "^2.0.3", "semver": "^7.6.3" }, "optionalDependencies": { "@img/sharp-darwin-arm64": "0.33.5", "@img/sharp-darwin-x64": "0.33.5", "@img/sharp-libvips-darwin-arm64": "1.0.4", "@img/sharp-libvips-darwin-x64": "1.0.4", "@img/sharp-libvips-linux-arm": "1.0.5", "@img/sharp-libvips-linux-arm64": "1.0.4", "@img/sharp-libvips-linux-s390x": "1.0.4", "@img/sharp-libvips-linux-x64": "1.0.4", "@img/sharp-libvips-linuxmusl-arm64": "1.0.4", "@img/sharp-libvips-linuxmusl-x64": "1.0.4", "@img/sharp-linux-arm": "0.33.5", "@img/sharp-linux-arm64": "0.33.5", "@img/sharp-linux-s390x": "0.33.5", "@img/sharp-linux-x64": "0.33.5", "@img/sharp-linuxmusl-arm64": "0.33.5", "@img/sharp-linuxmusl-x64": "0.33.5", "@img/sharp-wasm32": "0.33.5", "@img/sharp-win32-ia32": "0.33.5", "@img/sharp-win32-x64": "0.33.5" } }, "sha512-haPVm1EkS9pgvHrQ/F3Xy+hgcuMV0Wm9vfIBSiwZ05k+xgb0PkBQpGsAA/oWdDobNaZTH5ppvHtzCFbnSEwHVw=="],

    "simple-swizzle": ["simple-swizzle@0.2.2", "", { "dependencies": { "is-arrayish": "^0.3.1" } }, "sha512-JA//kQgZtbuY83m+xT+tXJkmJncGMTFT+C+g2h2R9uxkYIrE2yy9sgmcLhCnw57/WSD+Eh3J97FPEDFnbXnDUg=="],

    "source-map": ["source-map@0.5.6", "", {}, "sha512-MjZkVp0NHr5+TPihLcadqnlVoGIoWo4IBHptutGh9wI3ttUYvCG26HkSuDi+K6lsZ25syXJXcctwgyVCt//xqA=="],

    "stack-generator": ["stack-generator@1.1.0", "", { "dependencies": { "stackframe": "^1.0.2" } }, "sha512-sZDVjwC56vZoo+a5t0LH/1sMQLWYLi/r+Z2ztyCAOhOX3QBP34GWxK0FWf2eU1TIU2CJKCKBAtDZycUh/ZKMlw=="],

    "stackframe": ["stackframe@0.3.1", "", {}, "sha512-XmoiF4T5nuWEp2x2w92WdGjdHGY/cZa6LIbRsDRQR/Xlk4uW0PAUlH1zJYVffocwKpCdwyuypIp25xsSXEtZHw=="],

    "stacktrace-gps": ["stacktrace-gps@2.4.4", "", { "dependencies": { "source-map": "0.5.6", "stackframe": "~0.3" } }, "sha512-msFhuMEEklQLUtaJ+GeCDjzUN+PamfHWQiK3C1LnbHjoxSeF5dAxiE+aJkptNMmMNOropGFJ7G3ZT7dPZHgDaQ=="],

    "stacktrace-js": ["stacktrace-js@1.3.1", "", { "dependencies": { "error-stack-parser": "^1.3.6", "stack-generator": "^1.0.7", "stacktrace-gps": "^2.4.3" } }, "sha512-b+5voFnXqg9TWdOE50soXL+WuOreYUm1Ukg9U7rzEWGL4+gcVxIcFasNBtOffVX0I1lYqVZj0PZXZvTt5e3YRQ=="],

    "stoppable": ["stoppable@1.1.0", "", {}, "sha512-KXDYZ9dszj6bzvnEMRYvxgeTHU74QBFL54XKtP3nyMuJ81CFYtABZ3bAzL2EdFUaEwJOBOgENyFj3R7oTzDyyw=="],

    "supports-color": ["supports-color@10.0.0", "", {}, "sha512-HRVVSbCCMbj7/kdWF9Q+bbckjBHLtHMEoJWlkmYzzdwhYMkjkOwubLM6t7NbWKjgKamGDrWL1++KrjUO1t9oAQ=="],

    "tr46": ["tr46@0.0.3", "", {}, "sha512-N3WMsuqV66lT30CrXNbEjx4GEwlow3v6rr4mCcv6prnfwhS01rkgyFdjPNBYd9br7LpXV1+Emh01fHnq2Gdgrw=="],

    "ts-pattern": ["ts-pattern@5.8.0", "", {}, "sha512-kIjN2qmWiHnhgr5DAkAafF9fwb0T5OhMVSWrm8XEdTFnX6+wfXwYOFjeF86UZ54vduqiR7BfqScFmXSzSaH8oA=="],

    "tslib": ["tslib@2.8.1", "", {}, "sha512-oJFu94HQb+KVduSUQL7wnpmqnfmLsOA/nAh6b6EH0wCEoK0/mPeXU6c3wKDV83MkOuHPRHtSXKKU99IBazS/2w=="],

    "typescript": ["typescript@5.9.2", "", { "bin": { "tsc": "bin/tsc", "tsserver": "bin/tsserver" } }, "sha512-CWBzXQrc/qOkhidw1OzBTQuYRbfyxDXJMVJ1XNwUHGROVmuaeiEm3OslpZ1RV96d7SKKjZKrSJu3+t/xlw3R9A=="],

    "typescript-logging": ["typescript-logging@1.0.1", "", { "dependencies": { "stacktrace-js": "1.3.1" } }, "sha512-zp28ABme0m5q/nXabBaY9Hv/35N8lMH4FsvhpUO0zVi4vFs3uKlb5br2it61HAZF5k+U0aP6E67j0VD0IzXGpQ=="],

    "ufo": ["ufo@1.6.1", "", {}, "sha512-9a4/uxlTWJ4+a5i0ooc1rU7C7YOw3wT+UGqdeNNHWnOF9qcMBgLRS+4IYUqbczewFx4mLEig6gawh7X6mFlEkA=="],

    "undici": ["undici@7.13.0", "", {}, "sha512-l+zSMssRqrzDcb3fjMkjjLGmuiiK2pMIcV++mJaAc9vhjSGpvM7h43QgP+OAMb1GImHmbPyG2tBXeuyG5iY4gA=="],

    "unenv": ["unenv@2.0.0-rc.19", "", { "dependencies": { "defu": "^6.1.4", "exsolve": "^1.0.7", "ohash": "^2.0.11", "pathe": "^2.0.3", "ufo": "^1.6.1" } }, "sha512-t/OMHBNAkknVCI7bVB9OWjUUAwhVv9vsPIAGnNUxnu3FxPQN11rjh0sksLMzc3g7IlTgvHmOTl4JM7JHpcv5wA=="],

    "viem": ["viem@2.33.2", "", { "dependencies": { "@noble/curves": "1.9.2", "@noble/hashes": "1.8.0", "@scure/bip32": "1.7.0", "@scure/bip39": "1.6.0", "abitype": "1.0.8", "isows": "1.0.7", "ox": "0.8.6", "ws": "8.18.2" }, "peerDependencies": { "typescript": ">=5.0.4" }, "optionalPeers": ["typescript"] }, "sha512-/720OaM4dHWs8vXwNpyet+PRERhPaW+n/1UVSCzyb9jkmwwVfaiy/R6YfCFb4v+XXbo8s3Fapa3DM5yCRSkulA=="],

    "webidl-conversions": ["webidl-conversions@3.0.1", "", {}, "sha512-2JAn3z8AR6rjK8Sm8orRC0h/bcl/DqL7tRPdGZ4I1CjdF+EaMLmYxBHyXuKL849eucPFhvBoxMsflfOb8kxaeQ=="],

    "whatwg-url": ["whatwg-url@5.0.0", "", { "dependencies": { "tr46": "~0.0.3", "webidl-conversions": "^3.0.0" } }, "sha512-saE57nupxk6v3HY35+jzBwYa0rKSy0XR8JSxZPwgLr7ys0IBzhGviA1/TUGJLmSVqs8pb9AnvICXEuOHLprYTw=="],

    "workerd": ["workerd@1.20250730.0", "", { "optionalDependencies": { "@cloudflare/workerd-darwin-64": "1.20250730.0", "@cloudflare/workerd-darwin-arm64": "1.20250730.0", "@cloudflare/workerd-linux-64": "1.20250730.0", "@cloudflare/workerd-linux-arm64": "1.20250730.0", "@cloudflare/workerd-windows-64": "1.20250730.0" }, "bin": { "workerd": "bin/workerd" } }, "sha512-w6e0WM2YGfYQGmg0dewZeLUYIxAzMYK1R31vaS4HHHjgT32Xqj0eVQH+leegzY51RZPNCvw5pe8DFmW4MGf8Fg=="],

    "wrangler": ["wrangler@4.27.0", "", { "dependencies": { "@cloudflare/kv-asset-handler": "0.4.0", "@cloudflare/unenv-preset": "2.5.0", "blake3-wasm": "2.1.5", "esbuild": "0.25.4", "miniflare": "4.20250730.0", "path-to-regexp": "6.3.0", "unenv": "2.0.0-rc.19", "workerd": "1.20250730.0" }, "optionalDependencies": { "fsevents": "~2.3.2" }, "peerDependencies": { "@cloudflare/workers-types": "^4.20250730.0" }, "optionalPeers": ["@cloudflare/workers-types"], "bin": { "wrangler": "bin/wrangler.js", "wrangler2": "bin/wrangler.js" } }, "sha512-YNHZyMNWebFt9jD6dc20tQrCmnSzJj3SoB0FFa90w11Cx4lbP3d+rUZYjb18Zt+OGSMay1wT2PzwT2vCTskkmg=="],

    "ws": ["ws@8.18.2", "", { "peerDependencies": { "bufferutil": "^4.0.1", "utf-8-validate": ">=5.0.2" }, "optionalPeers": ["bufferutil", "utf-8-validate"] }, "sha512-DMricUmwGZUVr++AEAe2uiVM7UoO9MAVZMDu05UQOaUII0lp+zOzLLU4Xqh/JvTqklB1T4uELaaPBKyjE1r4fQ=="],

    "youch": ["youch@4.1.0-beta.10", "", { "dependencies": { "@poppinss/colors": "^4.1.5", "@poppinss/dumper": "^0.6.4", "@speed-highlight/core": "^1.2.7", "cookie": "^1.0.2", "youch-core": "^0.3.3" } }, "sha512-rLfVLB4FgQneDr0dv1oddCVZmKjcJ6yX6mS4pU82Mq/Dt9a3cLZQ62pDBL4AUO+uVrCvtWz3ZFUL2HFAFJ/BXQ=="],

    "youch-core": ["youch-core@0.3.3", "", { "dependencies": { "@poppinss/exception": "^1.2.2", "error-stack-parser-es": "^1.0.5" } }, "sha512-ho7XuGjLaJ2hWHoK8yFnsUGy2Y5uDpqSTq1FkHLK4/oqKtyUU1AFbOOxY4IpC9f0fTLjwYbslUz0Po5BpD1wrA=="],

    "zod": ["zod@4.0.14", "", {}, "sha512-nGFJTnJN6cM2v9kXL+SOBq3AtjQby3Mv5ySGFof5UGRHrRioSJ5iG680cYNjE/yWk671nROcpPj4hAS8nyLhSw=="],

    "@ensdomains/content-hash/@ensdomains/address-encoder": ["@ensdomains/address-encoder@1.0.0-rc.3", "", { "dependencies": { "@noble/curves": "^1.2.0", "@noble/hashes": "^1.3.2", "@scure/base": "^1.1.5" } }, "sha512-8o6zH69rObIqDY4PusEWuN9jvVOct+9jj9AOPO7ifc3ev8nmsly0e8TE1sHkhk0iKFbd3DlSsUnJ+yuRWmdLCQ=="],

    "miniflare/ws": ["ws@8.18.0", "", { "peerDependencies": { "bufferutil": "^4.0.1", "utf-8-validate": ">=5.0.2" }, "optionalPeers": ["bufferutil", "utf-8-validate"] }, "sha512-8VbfWfHLbbwu3+N6OKsOMpBdT4kXPDDB9cJk2bJ6mh9ucxdlnNvH1e+roYkKmN9Nxw2yjz7VzeO9oOz2zJ04Pw=="],

    "miniflare/zod": ["zod@3.22.3", "", {}, "sha512-EjIevzuJRiRPbVH4mGc8nApb/lVLKVpmUhAaR5R5doKGfAnGJ6Gr3CViAVjP+4FWSxCsybeWQdcgCtbX+7oZug=="],

    "ox/@adraffy/ens-normalize": ["@adraffy/ens-normalize@1.11.0", "", {}, "sha512-/3DDPKHqqIqxUULp8yP4zODUY1i+2xvVWsv8A79xGWdCAG+8sb0hRh0Rk2QyOJUnnbyPUAZYcpBuRe3nS2OIUg=="],

    "stack-generator/stackframe": ["stackframe@1.3.4", "", {}, "sha512-oeVtt7eWQS+Na6F//S4kJ2K2VbRlS9D43mAlMyVpVWovy9o+jfgH8O9agzANzaiLjclA0oYzUXEM4PurhSUChw=="],
  }
}
